// !$*UTF8*$!
{
	archiveVersion = 1;
	classes = {
	};
	objectVersion = 48;
	objects = {

/* Begin PBXBuildFile section */
		D9E4D15720283DD200DEEE8F /* AppDelegate.swift in Sources */ = {isa = PBXBuildFile; fileRef = D9E4D15620283DD200DEEE8F /* AppDelegate.swift */; };
		D9E4D15920283DD200DEEE8F /* LoginVC.swift in Sources */ = {isa = PBXBuildFile; fileRef = D9E4D15820283DD200DEEE8F /* LoginVC.swift */; };
		D9E4D15C20283DD200DEEE8F /* Main.storyboard in Resources */ = {isa = PBXBuildFile; fileRef = D9E4D15A20283DD200DEEE8F /* Main.storyboard */; };
		D9E4D15E20283DD200DEEE8F /* Assets.xcassets in Resources */ = {isa = PBXBuildFile; fileRef = D9E4D15D20283DD200DEEE8F /* Assets.xcassets */; };
		D9E4D16120283DD200DEEE8F /* LaunchScreen.storyboard in Resources */ = {isa = PBXBuildFile; fileRef = D9E4D15F20283DD200DEEE8F /* LaunchScreen.storyboard */; };
		D9E4D16B202851E900DEEE8F /* Jitterable.swift in Sources */ = {isa = PBXBuildFile; fileRef = D9E4D16A202851E900DEEE8F /* Jitterable.swift */; };
		D9E4D16D202851FD00DEEE8F /* Flashable.swift in Sources */ = {isa = PBXBuildFile; fileRef = D9E4D16C202851FD00DEEE8F /* Flashable.swift */; };
/* End PBXBuildFile section */

/* Begin PBXFileReference section */
		D9E4D15320283DD200DEEE8F /* Protocol Oriented UI.app */ = {isa = PBXFileReference; explicitFileType = wrapper.application; includeInIndex = 0; path = "Protocol Oriented UI.app"; sourceTree = BUILT_PRODUCTS_DIR; };
		D9E4D15620283DD200DEEE8F /* AppDelegate.swift */ = {isa = PBXFileReference; lastKnownFileType = sourcecode.swift; path = AppDelegate.swift; sourceTree = "<group>"; };
		D9E4D15820283DD200DEEE8F /* LoginVC.swift */ = {isa = PBXFileReference; lastKnownFileType = sourcecode.swift; path = LoginVC.swift; sourceTree = "<group>"; };
		D9E4D15B20283DD200DEEE8F /* Base */ = {isa = PBXFileReference; lastKnownFileType = file.storyboard; name = Base; path = Base.lproj/Main.storyboard; sourceTree = "<group>"; };
		D9E4D15D20283DD200DEEE8F /* Assets.xcassets */ = {isa = PBXFileReference; lastKnownFileType = folder.assetcatalog; path = Assets.xcassets; sourceTree = "<group>"; };
		D9E4D16020283DD200DEEE8F /* Base */ = {isa = PBXFileReference; lastKnownFileType = file.storyboard; name = Base; path = Base.lproj/LaunchScreen.storyboard; sourceTree = "<group>"; };
		D9E4D16220283DD200DEEE8F /* Info.plist */ = {isa = PBXFileReference; lastKnownFileType = text.plist.xml; path = Info.plist; sourceTree = "<group>"; };
		D9E4D16A202851E900DEEE8F /* Jitterable.swift */ = {isa = PBXFileReference; lastKnownFileType = sourcecode.swift; path = Jitterable.swift; sourceTree = "<group>"; };
		D9E4D16C202851FD00DEEE8F /* Flashable.swift */ = {isa = PBXFileReference; lastKnownFileType = sourcecode.swift; path = Flashable.swift; sourceTree = "<group>"; };
/* End PBXFileReference section */

/* Begin PBXFrameworksBuildPhase section */
		D9E4D15020283DD200DEEE8F /* Frameworks */ = {
			isa = PBXFrameworksBuildPhase;
			buildActionMask = 2147483647;
			files = (
			);
			runOnlyForDeploymentPostprocessing = 0;
		};
/* End PBXFrameworksBuildPhase section */

/* Begin PBXGroup section */
		D9E4D14A20283DD200DEEE8F = {
			isa = PBXGroup;
			children = (
				D9E4D15520283DD200DEEE8F /* Protocol Oriented UI */,
				D9E4D15420283DD200DEEE8F /* Products */,
			);
			sourceTree = "<group>";
		};
		D9E4D15420283DD200DEEE8F /* Products */ = {
			isa = PBXGroup;
			children = (
				D9E4D15320283DD200DEEE8F /* Protocol Oriented UI.app */,
			);
			name = Products;
			sourceTree = "<group>";
		};
		D9E4D15520283DD200DEEE8F /* Protocol Oriented UI */ = {
			isa = PBXGroup;
			children = (
				D9E4D15620283DD200DEEE8F /* AppDelegate.swift */,
				D9E4D169202851C100DEEE8F /* Protocols */,
				D9E4D168202851A900DEEE8F /* Controller */,
				D9E4D15A20283DD200DEEE8F /* Main.storyboard */,
				D9E4D15D20283DD200DEEE8F /* Assets.xcassets */,
				D9E4D15F20283DD200DEEE8F /* LaunchScreen.storyboard */,
				D9E4D16220283DD200DEEE8F /* Info.plist */,
			);
			path = "Protocol Oriented UI";
			sourceTree = "<group>";
		};
		D9E4D168202851A900DEEE8F /* Controller */ = {
			isa = PBXGroup;
			children = (
				D9E4D15820283DD200DEEE8F /* LoginVC.swift */,
			);
			path = Controller;
			sourceTree = "<group>";
		};
		D9E4D169202851C100DEEE8F /* Protocols */ = {
			isa = PBXGroup;
			children = (
				D9E4D16A202851E900DEEE8F /* Jitterable.swift */,
				D9E4D16C202851FD00DEEE8F /* Flashable.swift */,
			);
			path = Protocols;
			sourceTree = "<group>";
		};
/* End PBXGroup section */

/* Begin PBXNativeTarget section */
		D9E4D15220283DD200DEEE8F /* Protocol Oriented UI */ = {
			isa = PBXNativeTarget;
			buildConfigurationList = D9E4D16520283DD200DEEE8F /* Build configuration list for PBXNativeTarget "Protocol Oriented UI" */;
			buildPhases = (
				D9E4D14F20283DD200DEEE8F /* Sources */,
				D9E4D15020283DD200DEEE8F /* Frameworks */,
				D9E4D15120283DD200DEEE8F /* Resources */,
			);
			buildRules = (
			);
			dependencies = (
			);
			name = "Protocol Oriented UI";
			productName = "Protocol Oriented UI";
			productReference = D9E4D15320283DD200DEEE8F /* Protocol Oriented UI.app */;
			productType = "com.apple.product-type.application";
		};
/* End PBXNativeTarget section */

/* Begin PBXProject section */
		D9E4D14B20283DD200DEEE8F /* Project object */ = {
			isa = PBXProject;
			attributes = {
				LastSwiftUpdateCheck = 0920;
				LastUpgradeCheck = 0920;
				ORGANIZATIONNAME = "Nitesh Srivastva";
				TargetAttributes = {
					D9E4D15220283DD200DEEE8F = {
						CreatedOnToolsVersion = 9.2;
						ProvisioningStyle = Automatic;
					};
				};
			};
			buildConfigurationList = D9E4D14E20283DD200DEEE8F /* Build configuration list for PBXProject "Protocol Oriented UI" */;
			compatibilityVersion = "Xcode 8.0";
			developmentRegion = en;
			hasScannedForEncodings = 0;
			knownRegions = (
				en,
				Base,
			);
			mainGroup = D9E4D14A20283DD200DEEE8F;
			productRefGroup = D9E4D15420283DD200DEEE8F /* Products */;
			projectDirPath = "";
			projectRoot = "";
			targets = (
				D9E4D15220283DD200DEEE8F /* Protocol Oriented UI */,
			);
		};
/* End PBXProject section */

/* Begin PBXResourcesBuildPhase section */
		D9E4D15120283DD200DEEE8F /* Resources */ = {
			isa = PBXResourcesBuildPhase;
			buildActionMask = 2147483647;
			files = (
				D9E4D16120283DD200DEEE8F /* LaunchScreen.storyboard in Resources */,
				D9E4D15E20283DD200DEEE8F /* Assets.xcassets in Resources */,
				D9E4D15C20283DD200DEEE8F /* Main.storyboard in Resources */,
			);
			runOnlyForDeploymentPostprocessing = 0;
		};
/* End PBXResourcesBuildPhase section */

/* Begin PBXSourcesBuildPhase section */
		D9E4D14F20283DD200DEEE8F /* Sources */ = {
			isa = PBXSourcesBuildPhase;
			buildActionMask = 2147483647;
			files = (
				D9E4D16D202851FD00DEEE8F /* Flashable.swift in Sources */,
				D9E4D16B202851E900DEEE8F /* Jitterable.swift in Sources */,
				D9E4D15920283DD200DEEE8F /* LoginVC.swift in Sources */,
				D9E4D15720283DD200DEEE8F /* AppDelegate.swift in Sources */,
			);
			runOnlyForDeploymentPostprocessing = 0;
		};
/* End PBXSourcesBuildPhase section */

/* Begin PBXVariantGroup section */
		D9E4D15A20283DD200DEEE8F /* Main.storyboard */ = {
			isa = PBXVariantGroup;
			children = (
				D9E4D15B20283DD200DEEE8F /* Base */,
			);
			name = Main.storyboard;
			sourceTree = "<group>";
		};
		D9E4D15F20283DD200DEEE8F /* LaunchScreen.storyboard */ = {
			isa = PBXVariantGroup;
			children = (
				D9E4D16020283DD200DEEE8F /* Base */,
			);
			name = LaunchScreen.storyboard;
			sourceTree = "<group>";
		};
/* End PBXVariantGroup section */

/* Begin XCBuildConfiguration section */
		D9E4D16320283DD200DEEE8F /* Debug */ = {
			isa = XCBuildConfiguration;
			buildSettings = {
				ALWAYS_SEARCH_USER_PATHS = NO;
				CLANG_ANALYZER_NONNULL = YES;
				CLANG_ANALYZER_NUMBER_OBJECT_CONVERSION = YES_AGGRESSIVE;
				CLANG_CXX_LANGUAGE_STANDARD = "gnu++14";
				CLANG_CXX_LIBRARY = "libc++";
				CLANG_ENABLE_MODULES = YES;
				CLANG_ENABLE_OBJC_ARC = YES;
				CLANG_WARN_BLOCK_CAPTURE_AUTORELEASING = YES;
				CLANG_WARN_BOOL_CONVERSION = YES;
				CLANG_WARN_COMMA = YES;
				CLANG_WARN_CONSTANT_CONVERSION = YES;
				CLANG_WARN_DIRECT_OBJC_ISA_USAGE = YES_ERROR;
				CLANG_WARN_DOCUMENTATION_COMMENTS = YES;
				CLANG_WARN_EMPTY_BODY = YES;
				CLANG_WARN_ENUM_CONVERSION = YES;
				CLANG_WARN_INFINITE_RECURSION = YES;
				CLANG_WARN_INT_CONVERSION = YES;
				CLANG_WARN_NON_LITERAL_NULL_CONVERSION = YES;
				CLANG_WARN_OBJC_LITERAL_CONVERSION = YES;
				CLANG_WARN_OBJC_ROOT_CLASS = YES_ERROR;
				CLANG_WARN_RANGE_LOOP_ANALYSIS = YES;
				CLANG_WARN_STRICT_PROTOTYPES = YES;
				CLANG_WARN_SUSPICIOUS_MOVE = YES;
				CLANG_WARN_UNGUARDED_AVAILABILITY = YES_AGGRESSIVE;
				CLANG_WARN_UNREACHABLE_CODE = YES;
				CLANG_WARN__DUPLICATE_METHOD_MATCH = YES;
				CODE_SIGN_IDENTITY = "iPhone Developer";
				COPY_PHASE_STRIP = NO;
				DEBUG_INFORMATION_FORMAT = dwarf;
				ENABLE_STRICT_OBJC_MSGSEND = YES;
				ENABLE_TESTABILITY = YES;
				GCC_C_LANGUAGE_STANDARD = gnu11;
				GCC_DYNAMIC_NO_PIC = NO;
				GCC_NO_COMMON_BLOCKS = YES;
				GCC_OPTIMIZATION_LEVEL = 0;
				GCC_PREPROCESSOR_DEFINITIONS = (
					"DEBUG=1",
					"$(inherited)",
				);
				GCC_WARN_64_TO_32_BIT_CONVERSION = YES;
				GCC_WARN_ABOUT_RETURN_TYPE = YES_ERROR;
				GCC_WARN_UNDECLARED_SELECTOR = YES;
				GCC_WARN_UNINITIALIZED_AUTOS = YES_AGGRESSIVE;
				GCC_WARN_UNUSED_FUNCTION = YES;
				GCC_WARN_UNUSED_VARIABLE = YES;
				IPHONEOS_DEPLOYMENT_TARGET = 11.2;
				MTL_ENABLE_DEBUG_INFO = YES;
				ONLY_ACTIVE_ARCH = YES;
				SDKROOT = iphoneos;
				SWIFT_ACTIVE_COMPILATION_CONDITIONS = DEBUG;
				SWIFT_OPTIMIZATION_LEVEL = "-Onone";
			};
			name = Debug;
		};
		D9E4D16420283DD200DEEE8F /* Release */ = {
			isa = XCBuildConfiguration;
			buildSettings = {
				ALWAYS_SEARCH_USER_PATHS = NO;
				CLANG_ANALYZER_NONNULL = YES;
				CLANG_ANALYZER_NUMBER_OBJECT_CONVERSION = YES_AGGRESSIVE;
				CLANG_CXX_LANGUAGE_STANDARD = "gnu++14";
				CLANG_CXX_LIBRARY = "libc++";
				CLANG_ENABLE_MODULES = YES;
				CLANG_ENABLE_OBJC_ARC = YES;
				CLANG_WARN_BLOCK_CAPTURE_AUTORELEASING = YES;
				CLANG_WARN_BOOL_CONVERSION = YES;
				CLANG_WARN_COMMA = YES;
				CLANG_WARN_CONSTANT_CONVERSION = YES;
				CLANG_WARN_DIRECT_OBJC_ISA_USAGE = YES_ERROR;
				CLANG_WARN_DOCUMENTATION_COMMENTS = YES;
				CLANG_WARN_EMPTY_BODY = YES;
				CLANG_WARN_ENUM_CONVERSION = YES;
				CLANG_WARN_INFINITE_RECURSION = YES;
				CLANG_WARN_INT_CONVERSION = YES;
				CLANG_WARN_NON_LITERAL_NULL_CONVERSION = YES;
				CLANG_WARN_OBJC_LITERAL_CONVERSION = YES;
				CLANG_WARN_OBJC_ROOT_CLASS = YES_ERROR;
				CLANG_WARN_RANGE_LOOP_ANALYSIS = YES;
				CLANG_WARN_STRICT_PROTOTYPES = YES;
				CLANG_WARN_SUSPICIOUS_MOVE = YES;
				CLANG_WARN_UNGUARDED_AVAILABILITY = YES_AGGRESSIVE;
				CLANG_WARN_UNREACHABLE_CODE = YES;
				CLANG_WARN__DUPLICATE_METHOD_MATCH = YES;
				CODE_SIGN_IDENTITY = "iPhone Developer";
				COPY_PHASE_STRIP = NO;
				DEBUG_INFORMATION_FORMAT = "dwarf-with-dsym";
				ENABLE_NS_ASSERTIONS = NO;
				ENABLE_STRICT_OBJC_MSGSEND = YES;
				GCC_C_LANGUAGE_STANDARD = gnu11;
				GCC_NO_COMMON_BLOCKS = YES;
				GCC_WARN_64_TO_32_BIT_CONVERSION = YES;
				GCC_WARN_ABOUT_RETURN_TYPE = YES_ERROR;
				GCC_WARN_UNDECLARED_SELECTOR = YES;
				GCC_WARN_UNINITIALIZED_AUTOS = YES_AGGRESSIVE;
				GCC_WARN_UNUSED_FUNCTION = YES;
				GCC_WARN_UNUSED_VARIABLE = YES;
				IPHONEOS_DEPLOYMENT_TARGET = 11.2;
				MTL_ENABLE_DEBUG_INFO = NO;
				SDKROOT = iphoneos;
				SWIFT_OPTIMIZATION_LEVEL = "-Owholemodule";
				VALIDATE_PRODUCT = YES;
			};
			name = Release;
		};
		D9E4D16620283DD200DEEE8F /* Debug */ = {
			isa = XCBuildConfiguration;
			buildSettings = {
				ASSETCATALOG_COMPILER_APPICON_NAME = AppIcon;
				CODE_SIGN_STYLE = Automatic;
				DEVELOPMENT_TEAM = W79JAYE69T;
				INFOPLIST_FILE = "Protocol Oriented UI/Info.plist";
				LD_RUNPATH_SEARCH_PATHS = "$(inherited) @executable_path/Frameworks";
				PRODUCT_BUNDLE_IDENTIFIER = "com.ProProfs.Protocol-Oriented-UI";
				PRODUCT_NAME = "$(TARGET_NAME)";
				SWIFT_VERSION = 4.0;
				TARGETED_DEVICE_FAMILY = "1,2";
			};
			name = Debug;
		};
		D9E4D16720283DD200DEEE8F /* Release */ = {
			isa = XCBuildConfiguration;
			buildSettings = {
				ASSETCATALOG_COMPILER_APPICON_NAME = AppIcon;
				CODE_SIGN_STYLE = Automatic;
				DEVELOPMENT_TEAM = W79JAYE69T;
				INFOPLIST_FILE = "Protocol Oriented UI/Info.plist";
				LD_RUNPATH_SEARCH_PATHS = "$(inherited) @executable_path/Frameworks";
				PRODUCT_BUNDLE_IDENTIFIER = "com.ProProfs.Protocol-Oriented-UI";
				PRODUCT_NAME = "$(TARGET_NAME)";
				SWIFT_VERSION = 4.0;
				TARGETED_DEVICE_FAMILY = "1,2";
			};
			name = Release;
		};
/* End XCBuildConfiguration section */

/* Begin XCConfigurationList section */
		D9E4D14E20283DD200DEEE8F /* Build configuration list for PBXProject "Protocol Oriented UI" */ = {
			isa = XCConfigurationList;
			buildConfigurations = (
				D9E4D16320283DD200DEEE8F /* Debug */,
				D9E4D16420283DD200DEEE8F /* Release */,
			);
			defaultConfigurationIsVisible = 0;
			defaultConfigurationName = Release;
		};
		D9E4D16520283DD200DEEE8F /* Build configuration list for PBXNativeTarget "Protocol Oriented UI" */ = {
			isa = XCConfigurationList;
			buildConfigurations = (
				D9E4D16620283DD200DEEE8F /* Debug */,
				D9E4D16720283DD200DEEE8F /* Release */,
			);
			defaultConfigurationIsVisible = 0;
			defaultConfigurationName = Release;
		};
/* End XCConfigurationList section */
	};
	rootObject = D9E4D14B20283DD200DEEE8F /* Project object */;
}
